github.com/cespare/xxhash/v2 v2.1.2 h1:YRXhKfTDauu4ajMg1TPgFO5jnlC2HCbmLXMcTG5cbYE=
github.com/cespare/xxhash/v2 v2.1.2/go.mod h1:VGX0DQ3Q6kWi7AoAeZDth3/j3BFtOZR5XLFGgcrjCOs=
github.com/cespare/xxhash/v2 v2.3.0 h1:UL815xU9SqsFlibzuggzjXhog7bL6oX9BbNZnL2UFvs=
github.com/cespare/xxhash/v2 v2.3.0/go.mod h1:VGX0DQ3Q6kWi7AoAeZDth3/j3BFtOZR5XLFGgcrjCOs=
github.com/dgryski/go-rendezvous v0.0.0-20200823014737-9f7001d12a5f h1:lO4WD4F/rVNCu3HqELle0jiPLLBs70cWOduZpkS1E78=
github.com/dgryski/go-rendezvous v0.0.0-20200823014737-9f7001d12a5f/go.mod h1:cuUVRXasLTGF7a8hSLbxyZXjz+1KgoB3wDUb6vlszIc=
github.com/go-redis/redis/v8 v8.11.5 h1:AcZZR7igkdvfVmQTPnu9WE37LRrO/YrBH5zWyjDC0oI=
github.com/go-redis/redis/v8 v8.11.5/go.mod h1:gREzHqY1hg6oD9ngVRbLStwAWKhA0FEgq8Jd4h5lpwo=
github.com/go-zoox/core-utils v1.2.11 h1:3h8P4d+P1XTEzi6M68CywUfy4p8WEZOFuWME8uIYJJ4=
github.com/go-zoox/core-utils v1.2.11/go.mod h1:Y6izFcxuELrkOen5mTQccCJxJqqPJaZV5dQtUMBdkBM=
github.com/go-zoox/fetch v1.8.6 h1:RizA6rhzZGawsAVcMN3v4oiOWx2b6JYlDBmEAd/i2Gg=
github.com/go-zoox/fetch v1.8.6/go.mod h1:fo1HEo/L8x4d3XPp7CkmCoezB9ZDLvEUXf/wOoM+aWY=
github.com/go-zoox/headers v1.0.6 h1:LJvVaqs6d+QUvV0sNU8qHFkeyQlECu0mJau1nVFsEQU=
github.com/go-zoox/headers v1.0.6/go.mod h1:WEgEbewswEw4n4qS1iG68Kn/vOQVCAKGwwuZankc6so=
github.com/joho/godotenv v1.5.1 h1:7eLL/+HRGLY0ldzfGMeQkb7vMd0as4CfYvUVzLqw0N0=
github.com/joho/godotenv v1.5.1/go.mod h1:f4LDr5Voq0i2e/R5DDNOoa2zzDfwtkZa6DnEwAbqwq4=
github.com/rabbitmq/amqp091-go v1.10.0 h1:STpn5XsHlHGcecLmMFCtg7mqq0RnD+zFr4uzukfVhBw=
github.com/rabbitmq/amqp091-go v1.10.0/go.mod h1:Hy4jKW5kQART1u+JkDTF9YYOQUHXqMuhrgxOEeS7G4o=
github.com/redis/go-redis/v9 v9.14.1 h1:nDCrEiJmfOWhD76xlaw+HXT0c9hfNWeXgl0vIRYSDvQ=
github.com/redis/go-redis/v9 v9.14.1/go.mod h1:huWgSWd8mW6+m0VPhJjSSQ+d6Nh1VICQ6Q5lHuCH/Iw=
github.com/robfig/cron/v3 v3.0.0 h1:kQ6Cb7aHOHTSzNVNEhmp8EcWKLb4CbiMW9h9VyIhO4E=
github.com/robfig/cron/v3 v3.0.0/go.mod h1:eQICP3HwyT7UooqI/z+Ov+PtYAWygg1TEWWzGIFLtro=
github.com/tidwall/gjson v1.14.4 h1:uo0p8EbA09J7RQaflQ1aBRffTR7xedD2bcIVSYxLnkM=
github.com/tidwall/gjson v1.14.4/go.mod h1:/wbyibRr2FHMks5tjHJ5F8dMZh3AcwJEMf5vlfC0lxk=
github.com/tidwall/match v1.1.1 h1:+Ho715JplO36QYgwN9PGYNhgZvoUSc9X2c80KVTi+GA=
github.com/tidwall/match v1.1.1/go.mod h1:eRSPERbgtNPcGhD8UCthc6PmLEQXEWd3PRB5JTxsfmM=
github.com/tidwall/pretty v1.2.0/go.mod h1:ITEVvHYasfjBbM0u2Pg8T2nJnzm8xPwvNhhsoaGGjNU=
github.com/tidwall/pretty v1.2.1 h1:qjsOFOWWQl+N3RsoF5/ssm1pHmJJwhjlSbZ51I6wMl4=
github.com/tidwall/pretty v1.2.1/go.mod h1:ITEVvHYasfjBbM0u2Pg8T2nJnzm8xPwvNhhsoaGGjNU=
golang.org/x/net v0.23.0 h1:7EYJ93RZ9vYSZAIb2x3lnuvqO5zneoD6IvWjuhfxjTs=
golang.org/x/net v0.23.0/go.mod h1:JKghWKKOSdJwpW2GEx0Ja7fmaKnMsbu+MWVZTokSYmg=
gopkg.in/check.v1 v0.0.0-20161208181325-20d25e280405/go.mod h1:Co6ibVJAznAaIkqp8huTwlJQCZ016jof/cbN4VW5Yz0=
gopkg.in/yaml.v3 v3.0.1 h1:fxVm/GzAzEWqLHuvctI91KS9hhNmmWOoWu0XTYJS7CA=
gopkg.in/yaml.v3 v3.0.1/go.mod h1:K4uyk7z7BCEPqu6E+C64Yfv1cQ7kz7rIZviUmN+EgEM=
